
Microsoft Visual Studio Solution File, Format Version 11.00
# Visual Studio 2010
Project("{FAE04EC0-301F-11D3-BF4B-00C04F79EFBC}") = "Assembly-CSharp", "Assembly-CSharp.csproj", "{400AA47E-2384-57CD-25A4-1418276C271B}"
EndProject
Project("{FAE04EC0-301F-11D3-BF4B-00C04F79EFBC}") = "Assembly-CSharp-firstpass", "Assembly-CSharp-firstpass.csproj", "{50BFE1C8-F6B9-67BC-52EC-C4F53E6F1A90}"
EndProject
Project("{FAE04EC0-301F-11D3-BF4B-00C04F79EFBC}") = "Assembly-CSharp-Editor-firstpass", "Assembly-CSharp-Editor-firstpass.csproj", "{894D0035-6F05-2796-1FE5-49D55FA7AD66}"
EndProject
Global
	GlobalSection(SolutionConfigurationPlatforms) = preSolution
		Debug|Any CPU = Debug|Any CPU
		Release|Any CPU = Release|Any CPU
	EndGlobalSection
	GlobalSection(ProjectConfigurationPlatforms) = postSolution
		{400AA47E-2384-57CD-25A4-1418276C271B}.Debug|Any CPU.ActiveCfg = Debug|Any CPU
		{400AA47E-2384-57CD-25A4-1418276C271B}.Debug|Any CPU.Build.0 = Debug|Any CPU
		{400AA47E-2384-57CD-25A4-1418276C271B}.Release|Any CPU.ActiveCfg = Release|Any CPU
		{400AA47E-2384-57CD-25A4-1418276C271B}.Release|Any CPU.Build.0 = Release|Any CPU
		{50BFE1C8-F6B9-67BC-52EC-C4F53E6F1A90}.Debug|Any CPU.ActiveCfg = Debug|Any CPU
		{50BFE1C8-F6B9-67BC-52EC-C4F53E6F1A90}.Debug|Any CPU.Build.0 = Debug|Any CPU
		{50BFE1C8-F6B9-67BC-52EC-C4F53E6F1A90}.Release|Any CPU.ActiveCfg = Release|Any CPU
		{50BFE1C8-F6B9-67BC-52EC-C4F53E6F1A90}.Release|Any CPU.Build.0 = Release|Any CPU
		{894D0035-6F05-2796-1FE5-49D55FA7AD66}.Debug|Any CPU.ActiveCfg = Debug|Any CPU
		{894D0035-6F05-2796-1FE5-49D55FA7AD66}.Debug|Any CPU.Build.0 = Debug|Any CPU
		{894D0035-6F05-2796-1FE5-49D55FA7AD66}.Release|Any CPU.ActiveCfg = Release|Any CPU
		{894D0035-6F05-2796-1FE5-49D55FA7AD66}.Release|Any CPU.Build.0 = Release|Any CPU
	EndGlobalSection
	GlobalSection(SolutionProperties) = preSolution
		HideSolutionNode = FALSE
	EndGlobalSection
	GlobalSection(MonoDevelopProperties) = preSolution
		StartupItem = Assembly-CSharp.csproj
	EndGlobalSection
EndGlobal
